
Microsoft Visual Studio Solution File, Format Version 12.00
# Visual Studio Version 16
VisualStudioVersion = 16.0.31515.178
MinimumVisualStudioVersion = 10.0.40219.1
Project("{FAE04EC0-301F-11D3-BF4B-00C04F79EFBC}") = "UrlShortener.API", "UrlShortener.API\UrlShortener.API.csproj", "{31DAAFDD-2613-4D16-9D93-EC042504CE67}"
EndProject
Project("{FAE04EC0-301F-11D3-BF4B-00C04F79EFBC}") = "UrlShortener.Infrastructure", "UrlShortener.Infrastructure\UrlShortener.Infrastructure.csproj", "{0AD67A03-A59B-47DD-B405-16E4D68457FB}"
EndProject
Project("{FAE04EC0-301F-11D3-BF4B-00C04F79EFBC}") = "UrlShortener.Shared", "UrlShortener.Model\UrlShortener.Shared.csproj", "{CA47AF7B-33D8-4222-9157-30FDB71061EC}"
EndProject
Project("{FAE04EC0-301F-11D3-BF4B-00C04F79EFBC}") = "UrlShortener.Test", "UrlShortener.Test\UrlShortener.Test.csproj", "{CCCA8304-042C-4C13-88E5-3392C2BE7EC0}"
EndProject
Global
	GlobalSection(SolutionConfigurationPlatforms) = preSolution
		Debug|Any CPU = Debug|Any CPU
		Release|Any CPU = Release|Any CPU
	EndGlobalSection
	GlobalSection(ProjectConfigurationPlatforms) = postSolution
		{31DAAFDD-2613-4D16-9D93-EC042504CE67}.Debug|Any CPU.ActiveCfg = Debug|Any CPU
		{31DAAFDD-2613-4D16-9D93-EC042504CE67}.Debug|Any CPU.Build.0 = Debug|Any CPU
		{31DAAFDD-2613-4D16-9D93-EC042504CE67}.Release|Any CPU.ActiveCfg = Release|Any CPU
		{31DAAFDD-2613-4D16-9D93-EC042504CE67}.Release|Any CPU.Build.0 = Release|Any CPU
		{0AD67A03-A59B-47DD-B405-16E4D68457FB}.Debug|Any CPU.ActiveCfg = Debug|Any CPU
		{0AD67A03-A59B-47DD-B405-16E4D68457FB}.Debug|Any CPU.Build.0 = Debug|Any CPU
		{0AD67A03-A59B-47DD-B405-16E4D68457FB}.Release|Any CPU.ActiveCfg = Release|Any CPU
		{0AD67A03-A59B-47DD-B405-16E4D68457FB}.Release|Any CPU.Build.0 = Release|Any CPU
		{CA47AF7B-33D8-4222-9157-30FDB71061EC}.Debug|Any CPU.ActiveCfg = Debug|Any CPU
		{CA47AF7B-33D8-4222-9157-30FDB71061EC}.Debug|Any CPU.Build.0 = Debug|Any CPU
		{CA47AF7B-33D8-4222-9157-30FDB71061EC}.Release|Any CPU.ActiveCfg = Release|Any CPU
		{CA47AF7B-33D8-4222-9157-30FDB71061EC}.Release|Any CPU.Build.0 = Release|Any CPU
		{CCCA8304-042C-4C13-88E5-3392C2BE7EC0}.Debug|Any CPU.ActiveCfg = Debug|Any CPU
		{CCCA8304-042C-4C13-88E5-3392C2BE7EC0}.Debug|Any CPU.Build.0 = Debug|Any CPU
		{CCCA8304-042C-4C13-88E5-3392C2BE7EC0}.Release|Any CPU.ActiveCfg = Release|Any CPU
		{CCCA8304-042C-4C13-88E5-3392C2BE7EC0}.Release|Any CPU.Build.0 = Release|Any CPU
	EndGlobalSection
	GlobalSection(SolutionProperties) = preSolution
		HideSolutionNode = FALSE
	EndGlobalSection
	GlobalSection(ExtensibilityGlobals) = postSolution
		SolutionGuid = {DF1744F6-1914-48A0-B518-72FDCF8F487C}
	EndGlobalSection
EndGlobal
